
Microsoft Visual Studio Solution File, Format Version 12.00
# Visual Studio Version 17
VisualStudioVersion = 17.8.34330.188
MinimumVisualStudioVersion = 10.0.40219.1
Project("{9A19103F-16F7-4668-BE54-9A1E7A4F7556}") = "MLapp", "MLapp\MLapp.csproj", "{3E8C9C54-931B-4CF3-8EA8-F318C4DCEFF9}"
EndProject
Project("{9A19103F-16F7-4668-BE54-9A1E7A4F7556}") = "SentimentModel_WebApi1", "SentimentModel_WebApi1\SentimentModel_WebApi1.csproj", "{536AE857-5A1B-4A34-B8C7-1ACA56621C95}"
EndProject
Global
	GlobalSection(SolutionConfigurationPlatforms) = preSolution
		Debug|Any CPU = Debug|Any CPU
		Release|Any CPU = Release|Any CPU
	EndGlobalSection
	GlobalSection(ProjectConfigurationPlatforms) = postSolution
		{3E8C9C54-931B-4CF3-8EA8-F318C4DCEFF9}.Debug|Any CPU.ActiveCfg = Debug|Any CPU
		{3E8C9C54-931B-4CF3-8EA8-F318C4DCEFF9}.Debug|Any CPU.Build.0 = Debug|Any CPU
		{3E8C9C54-931B-4CF3-8EA8-F318C4DCEFF9}.Release|Any CPU.ActiveCfg = Release|Any CPU
		{3E8C9C54-931B-4CF3-8EA8-F318C4DCEFF9}.Release|Any CPU.Build.0 = Release|Any CPU
		{536AE857-5A1B-4A34-B8C7-1ACA56621C95}.Debug|Any CPU.ActiveCfg = Debug|Any CPU
		{536AE857-5A1B-4A34-B8C7-1ACA56621C95}.Debug|Any CPU.Build.0 = Debug|Any CPU
		{536AE857-5A1B-4A34-B8C7-1ACA56621C95}.Release|Any CPU.ActiveCfg = Release|Any CPU
		{536AE857-5A1B-4A34-B8C7-1ACA56621C95}.Release|Any CPU.Build.0 = Release|Any CPU
	EndGlobalSection
	GlobalSection(SolutionProperties) = preSolution
		HideSolutionNode = FALSE
	EndGlobalSection
	GlobalSection(ExtensibilityGlobals) = postSolution
		SolutionGuid = {24611EDC-EC88-4A3C-BACB-392A0BBB9BDD}
	EndGlobalSection
EndGlobal
